
Microsoft Visual Studio Solution File, Format Version 12.00
Project("{FAE04EC0-301F-11D3-BF4B-00C04F79EFBC}") = "01.CashCogerent", "01.CashCogerent\01.CashCogerent.csproj", "{1A05A641-0B51-42B8-8026-28202B8956F6}"
EndProject
Project("{FAE04EC0-301F-11D3-BF4B-00C04F79EFBC}") = "02.TypeLocallity", "02.TypeLocallity\02.TypeLocallity.csproj", "{0838EDE0-CAF6-4979-8DAC-3ABF65287557}"
EndProject
Project("{FAE04EC0-301F-11D3-BF4B-00C04F79EFBC}") = "03.StructVsClass", "03.StructVsClass\03.StructVsClass.csproj", "{6772C6DB-800C-46C1-B302-B12AC1277D35}"
EndProject
Project("{FAE04EC0-301F-11D3-BF4B-00C04F79EFBC}") = "04.ValueTuples", "04.ValueTuples\04.ValueTuples.csproj", "{E379F6F2-BF3E-41BB-A791-0F152769B848}"
EndProject
Project("{FAE04EC0-301F-11D3-BF4B-00C04F79EFBC}") = "05.Stackalloc", "05.Stackalloc\05.Stackalloc.csproj", "{BAD7F844-F4CB-4EA1-B07F-27E4D5358FB8}"
EndProject
Project("{FAE04EC0-301F-11D3-BF4B-00C04F79EFBC}") = "06.ArrayPool", "06.ArrayPool\06.ArrayPool.csproj", "{D1330924-856A-4863-B9EC-6593CB32EFB3}"
EndProject
Project("{FAE04EC0-301F-11D3-BF4B-00C04F79EFBC}") = "07.RecycleavleMemoryStream", "07.RecycleavleMemoryStream\07.RecycleavleMemoryStream.csproj", "{72426E4E-1950-44F8-83C9-BE5DBBE18360}"
EndProject
Project("{FAE04EC0-301F-11D3-BF4B-00C04F79EFBC}") = "08.ObjectPool", "08.ObjectPool\08.ObjectPool.csproj", "{8E0224C9-5501-45AA-8DC1-7ABF6929075C}"
EndProject
Project("{FAE04EC0-301F-11D3-BF4B-00C04F79EFBC}") = "09.ValueTask", "09.ValueTask\09.ValueTask.csproj", "{6E60D468-30AE-4845-8351-128051550284}"
EndProject
Global
	GlobalSection(SolutionConfigurationPlatforms) = preSolution
		Debug|Any CPU = Debug|Any CPU
		Release|Any CPU = Release|Any CPU
	EndGlobalSection
	GlobalSection(ProjectConfigurationPlatforms) = postSolution
		{1A05A641-0B51-42B8-8026-28202B8956F6}.Debug|Any CPU.ActiveCfg = Debug|Any CPU
		{1A05A641-0B51-42B8-8026-28202B8956F6}.Debug|Any CPU.Build.0 = Debug|Any CPU
		{1A05A641-0B51-42B8-8026-28202B8956F6}.Release|Any CPU.ActiveCfg = Release|Any CPU
		{1A05A641-0B51-42B8-8026-28202B8956F6}.Release|Any CPU.Build.0 = Release|Any CPU
		{0838EDE0-CAF6-4979-8DAC-3ABF65287557}.Debug|Any CPU.ActiveCfg = Debug|Any CPU
		{0838EDE0-CAF6-4979-8DAC-3ABF65287557}.Debug|Any CPU.Build.0 = Debug|Any CPU
		{0838EDE0-CAF6-4979-8DAC-3ABF65287557}.Release|Any CPU.ActiveCfg = Release|Any CPU
		{0838EDE0-CAF6-4979-8DAC-3ABF65287557}.Release|Any CPU.Build.0 = Release|Any CPU
		{6772C6DB-800C-46C1-B302-B12AC1277D35}.Debug|Any CPU.ActiveCfg = Debug|Any CPU
		{6772C6DB-800C-46C1-B302-B12AC1277D35}.Debug|Any CPU.Build.0 = Debug|Any CPU
		{6772C6DB-800C-46C1-B302-B12AC1277D35}.Release|Any CPU.ActiveCfg = Release|Any CPU
		{6772C6DB-800C-46C1-B302-B12AC1277D35}.Release|Any CPU.Build.0 = Release|Any CPU
		{E379F6F2-BF3E-41BB-A791-0F152769B848}.Debug|Any CPU.ActiveCfg = Debug|Any CPU
		{E379F6F2-BF3E-41BB-A791-0F152769B848}.Debug|Any CPU.Build.0 = Debug|Any CPU
		{E379F6F2-BF3E-41BB-A791-0F152769B848}.Release|Any CPU.ActiveCfg = Release|Any CPU
		{E379F6F2-BF3E-41BB-A791-0F152769B848}.Release|Any CPU.Build.0 = Release|Any CPU
		{BAD7F844-F4CB-4EA1-B07F-27E4D5358FB8}.Debug|Any CPU.ActiveCfg = Debug|Any CPU
		{BAD7F844-F4CB-4EA1-B07F-27E4D5358FB8}.Debug|Any CPU.Build.0 = Debug|Any CPU
		{BAD7F844-F4CB-4EA1-B07F-27E4D5358FB8}.Release|Any CPU.ActiveCfg = Release|Any CPU
		{BAD7F844-F4CB-4EA1-B07F-27E4D5358FB8}.Release|Any CPU.Build.0 = Release|Any CPU
		{D1330924-856A-4863-B9EC-6593CB32EFB3}.Debug|Any CPU.ActiveCfg = Debug|Any CPU
		{D1330924-856A-4863-B9EC-6593CB32EFB3}.Debug|Any CPU.Build.0 = Debug|Any CPU
		{D1330924-856A-4863-B9EC-6593CB32EFB3}.Release|Any CPU.ActiveCfg = Release|Any CPU
		{D1330924-856A-4863-B9EC-6593CB32EFB3}.Release|Any CPU.Build.0 = Release|Any CPU
		{72426E4E-1950-44F8-83C9-BE5DBBE18360}.Debug|Any CPU.ActiveCfg = Debug|Any CPU
		{72426E4E-1950-44F8-83C9-BE5DBBE18360}.Debug|Any CPU.Build.0 = Debug|Any CPU
		{72426E4E-1950-44F8-83C9-BE5DBBE18360}.Release|Any CPU.ActiveCfg = Release|Any CPU
		{72426E4E-1950-44F8-83C9-BE5DBBE18360}.Release|Any CPU.Build.0 = Release|Any CPU
		{8E0224C9-5501-45AA-8DC1-7ABF6929075C}.Debug|Any CPU.ActiveCfg = Debug|Any CPU
		{8E0224C9-5501-45AA-8DC1-7ABF6929075C}.Debug|Any CPU.Build.0 = Debug|Any CPU
		{8E0224C9-5501-45AA-8DC1-7ABF6929075C}.Release|Any CPU.ActiveCfg = Release|Any CPU
		{8E0224C9-5501-45AA-8DC1-7ABF6929075C}.Release|Any CPU.Build.0 = Release|Any CPU
		{6E60D468-30AE-4845-8351-128051550284}.Debug|Any CPU.ActiveCfg = Debug|Any CPU
		{6E60D468-30AE-4845-8351-128051550284}.Debug|Any CPU.Build.0 = Debug|Any CPU
		{6E60D468-30AE-4845-8351-128051550284}.Release|Any CPU.ActiveCfg = Release|Any CPU
		{6E60D468-30AE-4845-8351-128051550284}.Release|Any CPU.Build.0 = Release|Any CPU
	EndGlobalSection
EndGlobal
